
Microsoft Visual Studio Solution File, Format Version 12.00
# Visual Studio Version 17
VisualStudioVersion = 17.2.32526.322
MinimumVisualStudioVersion = 10.0.40219.1
Project("{2150E333-8FDC-42A3-9474-1A3956D46DE8}") = "Solution Items", "Solution Items", "{3D342BB5-4C34-4063-99DF-4AB0E4327589}"
	ProjectSection(SolutionItems) = preProject
		Project_Notes.htm = Project_Notes.htm
	EndProjectSection
EndProject
Project("{8BC9CEB8-8B4A-11D0-8D11-00A0C91BC942}") = "rodcutil", "rodcutil\rodcutil.vcxproj", "{2FE910F6-A69D-487E-920A-958CA5733701}"
EndProject
Global
	GlobalSection(SolutionConfigurationPlatforms) = preSolution
		Debug|Win32 = Debug|Win32
		Release|Win32 = Release|Win32
	EndGlobalSection
	GlobalSection(ProjectConfigurationPlatforms) = postSolution
		{2FE910F6-A69D-487E-920A-958CA5733701}.Debug|Win32.ActiveCfg = Debug|Win32
		{2FE910F6-A69D-487E-920A-958CA5733701}.Debug|Win32.Build.0 = Debug|Win32
		{2FE910F6-A69D-487E-920A-958CA5733701}.Release|Win32.ActiveCfg = Release|Win32
		{2FE910F6-A69D-487E-920A-958CA5733701}.Release|Win32.Build.0 = Release|Win32
	EndGlobalSection
	GlobalSection(SolutionProperties) = preSolution
		HideSolutionNode = FALSE
	EndGlobalSection
	GlobalSection(ExtensibilityGlobals) = postSolution
		SolutionGuid = {C46781DB-D015-45FC-B5C4-6773BB43B243}
	EndGlobalSection
EndGlobal
